
Microsoft Visual Studio Solution File, Format Version 12.00
# Visual Studio Version 17
VisualStudioVersion = 17.9.34723.18
MinimumVisualStudioVersion = 10.0.40219.1
Project("{FAE04EC0-301F-11D3-BF4B-00C04F79EFBC}") = "FinalProject", "FinalProject\FinalProject.csproj", "{77812818-9EB9-4451-9C82-5373AAF6092B}"
EndProject
Global
	GlobalSection(SolutionConfigurationPlatforms) = preSolution
		Debug|Any CPU = Debug|Any CPU
		Release|Any CPU = Release|Any CPU
	EndGlobalSection
	GlobalSection(ProjectConfigurationPlatforms) = postSolution
		{77812818-9EB9-4451-9C82-5373AAF6092B}.Debug|Any CPU.ActiveCfg = Debug|Any CPU
		{77812818-9EB9-4451-9C82-5373AAF6092B}.Debug|Any CPU.Build.0 = Debug|Any CPU
		{77812818-9EB9-4451-9C82-5373AAF6092B}.Release|Any CPU.ActiveCfg = Release|Any CPU
		{77812818-9EB9-4451-9C82-5373AAF6092B}.Release|Any CPU.Build.0 = Release|Any CPU
	EndGlobalSection
	GlobalSection(SolutionProperties) = preSolution
		HideSolutionNode = FALSE
	EndGlobalSection
	GlobalSection(ExtensibilityGlobals) = postSolution
		SolutionGuid = {E0ED4BDA-C8A2-455A-8698-4535CCFAD67C}
	EndGlobalSection
EndGlobal
